
Microsoft Visual Studio Solution File, Format Version 12.00
# Visual Studio Version 17
VisualStudioVersion = 17.7.34202.233
MinimumVisualStudioVersion = 10.0.40219.1
Project("{9A19103F-16F7-4668-BE54-9A1E7A4F7556}") = "SIS", "SIS.csproj", "{2242D9F9-8EC0-4521-B359-D9FAD8FEBDA4}"
EndProject
Project("{9A19103F-16F7-4668-BE54-9A1E7A4F7556}") = "LibReg", "..\LibReg\LibReg.csproj", "{99BAA99C-A7F9-42E5-8848-43D4EE444C20}"
EndProject
Project("{9A19103F-16F7-4668-BE54-9A1E7A4F7556}") = "AirLoggerPGLib", "..\PGLib\AirLoggerPGLib.csproj", "{1454BE84-B35B-4D81-BABD-91B838287DE9}"
EndProject
Project("{FAE04EC0-301F-11D3-BF4B-00C04F79EFBC}") = "WebAspT", "..\WebAspT\WebAspT.csproj", "{86FE341E-5BAA-480A-B498-E45838D132F9}"
EndProject
Global
	GlobalSection(SolutionConfigurationPlatforms) = preSolution
		Debug|Any CPU = Debug|Any CPU
		Release|Any CPU = Release|Any CPU
	EndGlobalSection
	GlobalSection(ProjectConfigurationPlatforms) = postSolution
		{2242D9F9-8EC0-4521-B359-D9FAD8FEBDA4}.Debug|Any CPU.ActiveCfg = Debug|Any CPU
		{2242D9F9-8EC0-4521-B359-D9FAD8FEBDA4}.Debug|Any CPU.Build.0 = Debug|Any CPU
		{2242D9F9-8EC0-4521-B359-D9FAD8FEBDA4}.Release|Any CPU.ActiveCfg = Release|Any CPU
		{2242D9F9-8EC0-4521-B359-D9FAD8FEBDA4}.Release|Any CPU.Build.0 = Release|Any CPU
		{99BAA99C-A7F9-42E5-8848-43D4EE444C20}.Debug|Any CPU.ActiveCfg = Debug|Any CPU
		{99BAA99C-A7F9-42E5-8848-43D4EE444C20}.Debug|Any CPU.Build.0 = Debug|Any CPU
		{99BAA99C-A7F9-42E5-8848-43D4EE444C20}.Release|Any CPU.ActiveCfg = Release|Any CPU
		{99BAA99C-A7F9-42E5-8848-43D4EE444C20}.Release|Any CPU.Build.0 = Release|Any CPU
		{1454BE84-B35B-4D81-BABD-91B838287DE9}.Debug|Any CPU.ActiveCfg = Debug|Any CPU
		{1454BE84-B35B-4D81-BABD-91B838287DE9}.Debug|Any CPU.Build.0 = Debug|Any CPU
		{1454BE84-B35B-4D81-BABD-91B838287DE9}.Release|Any CPU.ActiveCfg = Release|Any CPU
		{1454BE84-B35B-4D81-BABD-91B838287DE9}.Release|Any CPU.Build.0 = Release|Any CPU
		{86FE341E-5BAA-480A-B498-E45838D132F9}.Debug|Any CPU.ActiveCfg = Debug|Any CPU
		{86FE341E-5BAA-480A-B498-E45838D132F9}.Debug|Any CPU.Build.0 = Debug|Any CPU
		{86FE341E-5BAA-480A-B498-E45838D132F9}.Release|Any CPU.ActiveCfg = Release|Any CPU
		{86FE341E-5BAA-480A-B498-E45838D132F9}.Release|Any CPU.Build.0 = Release|Any CPU
	EndGlobalSection
	GlobalSection(SolutionProperties) = preSolution
		HideSolutionNode = FALSE
	EndGlobalSection
	GlobalSection(ExtensibilityGlobals) = postSolution
		SolutionGuid = {808ACA7A-E773-4280-AD8F-89533AA830A1}
	EndGlobalSection
EndGlobal
